// !$*UTF8*$!
{
	archiveVersion = 1;
	classes = {
	};
	objectVersion = 48;
	objects = {

/* Begin PBXBuildFile section */
		FE616C1F204D1E74004DA9E9 /* AppDelegate.swift in Sources */ = {isa = PBXBuildFile; fileRef = FE616C1E204D1E74004DA9E9 /* AppDelegate.swift */; };
		FE616C21204D1E74004DA9E9 /* ViewController.swift in Sources */ = {isa = PBXBuildFile; fileRef = FE616C20204D1E74004DA9E9 /* ViewController.swift */; };
		FE616C24204D1E74004DA9E9 /* Main.storyboard in Resources */ = {isa = PBXBuildFile; fileRef = FE616C22204D1E74004DA9E9 /* Main.storyboard */; };
		FE616C26204D1E75004DA9E9 /* Assets.xcassets in Resources */ = {isa = PBXBuildFile; fileRef = FE616C25204D1E75004DA9E9 /* Assets.xcassets */; };
		FE616C29204D1E75004DA9E9 /* LaunchScreen.storyboard in Resources */ = {isa = PBXBuildFile; fileRef = FE616C27204D1E75004DA9E9 /* LaunchScreen.storyboard */; };
		FE616C31204D595C004DA9E9 /* Extensions.swift in Sources */ = {isa = PBXBuildFile; fileRef = FE616C30204D5959004DA9E9 /* Extensions.swift */; };
		FEA4F40D204E8FEC001DF2E6 /* NotesCell.swift in Sources */ = {isa = PBXBuildFile; fileRef = FEA4F40C204E8FEC001DF2E6 /* NotesCell.swift */; };
		FEFF2220204FD62E0034B974 /* CafeViewController.swift in Sources */ = {isa = PBXBuildFile; fileRef = FEFF221F204FD62E0034B974 /* CafeViewController.swift */; };
		FEFF2222204FD83B0034B974 /* MenuCell.swift in Sources */ = {isa = PBXBuildFile; fileRef = FEFF2221204FD83B0034B974 /* MenuCell.swift */; };
/* End PBXBuildFile section */

/* Begin PBXFileReference section */
		FE616C1B204D1E74004DA9E9 /* NotesApp.app */ = {isa = PBXFileReference; explicitFileType = wrapper.application; includeInIndex = 0; path = NotesApp.app; sourceTree = BUILT_PRODUCTS_DIR; };
		FE616C1E204D1E74004DA9E9 /* AppDelegate.swift */ = {isa = PBXFileReference; lastKnownFileType = sourcecode.swift; path = AppDelegate.swift; sourceTree = "<group>"; };
		FE616C20204D1E74004DA9E9 /* ViewController.swift */ = {isa = PBXFileReference; lastKnownFileType = sourcecode.swift; path = ViewController.swift; sourceTree = "<group>"; };
		FE616C23204D1E74004DA9E9 /* Base */ = {isa = PBXFileReference; lastKnownFileType = file.storyboard; name = Base; path = Base.lproj/Main.storyboard; sourceTree = "<group>"; };
		FE616C25204D1E75004DA9E9 /* Assets.xcassets */ = {isa = PBXFileReference; lastKnownFileType = folder.assetcatalog; path = Assets.xcassets; sourceTree = "<group>"; };
		FE616C28204D1E75004DA9E9 /* Base */ = {isa = PBXFileReference; lastKnownFileType = file.storyboard; name = Base; path = Base.lproj/LaunchScreen.storyboard; sourceTree = "<group>"; };
		FE616C2A204D1E76004DA9E9 /* Info.plist */ = {isa = PBXFileReference; lastKnownFileType = text.plist.xml; path = Info.plist; sourceTree = "<group>"; };
		FE616C30204D5959004DA9E9 /* Extensions.swift */ = {isa = PBXFileReference; lastKnownFileType = sourcecode.swift; path = Extensions.swift; sourceTree = "<group>"; };
		FEA4F40C204E8FEC001DF2E6 /* NotesCell.swift */ = {isa = PBXFileReference; lastKnownFileType = sourcecode.swift; path = NotesCell.swift; sourceTree = "<group>"; };
		FEFF221F204FD62E0034B974 /* CafeViewController.swift */ = {isa = PBXFileReference; lastKnownFileType = sourcecode.swift; path = CafeViewController.swift; sourceTree = "<group>"; };
		FEFF2221204FD83B0034B974 /* MenuCell.swift */ = {isa = PBXFileReference; lastKnownFileType = sourcecode.swift; path = MenuCell.swift; sourceTree = "<group>"; };
/* End PBXFileReference section */

/* Begin PBXFrameworksBuildPhase section */
		FE616C18204D1E74004DA9E9 /* Frameworks */ = {
			isa = PBXFrameworksBuildPhase;
			buildActionMask = 2147483647;
			files = (
			);
			runOnlyForDeploymentPostprocessing = 0;
		};
/* End PBXFrameworksBuildPhase section */

/* Begin PBXGroup section */
		FE616C12204D1E71004DA9E9 = {
			isa = PBXGroup;
			children = (
				FE616C1D204D1E74004DA9E9 /* NotesApp */,
				FE616C1C204D1E74004DA9E9 /* Products */,
			);
			sourceTree = "<group>";
		};
		FE616C1C204D1E74004DA9E9 /* Products */ = {
			isa = PBXGroup;
			children = (
				FE616C1B204D1E74004DA9E9 /* NotesApp.app */,
			);
			name = Products;
			sourceTree = "<group>";
		};
		FE616C1D204D1E74004DA9E9 /* NotesApp */ = {
			isa = PBXGroup;
			children = (
				FE616C1E204D1E74004DA9E9 /* AppDelegate.swift */,
				FE616C20204D1E74004DA9E9 /* ViewController.swift */,
				FE616C30204D5959004DA9E9 /* Extensions.swift */,
				FEFF221F204FD62E0034B974 /* CafeViewController.swift */,
				FE616C22204D1E74004DA9E9 /* Main.storyboard */,
				FE616C25204D1E75004DA9E9 /* Assets.xcassets */,
				FE616C27204D1E75004DA9E9 /* LaunchScreen.storyboard */,
				FE616C2A204D1E76004DA9E9 /* Info.plist */,
				FEA4F40C204E8FEC001DF2E6 /* NotesCell.swift */,
				FEFF2221204FD83B0034B974 /* MenuCell.swift */,
			);
			path = NotesApp;
			sourceTree = "<group>";
		};
/* End PBXGroup section */

/* Begin PBXNativeTarget section */
		FE616C1A204D1E74004DA9E9 /* NotesApp */ = {
			isa = PBXNativeTarget;
			buildConfigurationList = FE616C2D204D1E76004DA9E9 /* Build configuration list for PBXNativeTarget "NotesApp" */;
			buildPhases = (
				FE616C17204D1E74004DA9E9 /* Sources */,
				FE616C18204D1E74004DA9E9 /* Frameworks */,
				FE616C19204D1E74004DA9E9 /* Resources */,
			);
			buildRules = (
			);
			dependencies = (
			);
			name = NotesApp;
			productName = NotesApp;
			productReference = FE616C1B204D1E74004DA9E9 /* NotesApp.app */;
			productType = "com.apple.product-type.application";
		};
/* End PBXNativeTarget section */

/* Begin PBXProject section */
		FE616C13204D1E72004DA9E9 /* Project object */ = {
			isa = PBXProject;
			attributes = {
				LastSwiftUpdateCheck = 0910;
				LastUpgradeCheck = 0910;
				ORGANIZATIONNAME = FSD;
				TargetAttributes = {
					FE616C1A204D1E74004DA9E9 = {
						CreatedOnToolsVersion = 9.1;
						ProvisioningStyle = Automatic;
					};
				};
			};
			buildConfigurationList = FE616C16204D1E72004DA9E9 /* Build configuration list for PBXProject "NotesApp" */;
			compatibilityVersion = "Xcode 8.0";
			developmentRegion = en;
			hasScannedForEncodings = 0;
			knownRegions = (
				en,
				Base,
			);
			mainGroup = FE616C12204D1E71004DA9E9;
			productRefGroup = FE616C1C204D1E74004DA9E9 /* Products */;
			projectDirPath = "";
			projectRoot = "";
			targets = (
				FE616C1A204D1E74004DA9E9 /* NotesApp */,
			);
		};
/* End PBXProject section */

/* Begin PBXResourcesBuildPhase section */
		FE616C19204D1E74004DA9E9 /* Resources */ = {
			isa = PBXResourcesBuildPhase;
			buildActionMask = 2147483647;
			files = (
				FE616C29204D1E75004DA9E9 /* LaunchScreen.storyboard in Resources */,
				FE616C26204D1E75004DA9E9 /* Assets.xcassets in Resources */,
				FE616C24204D1E74004DA9E9 /* Main.storyboard in Resources */,
			);
			runOnlyForDeploymentPostprocessing = 0;
		};
/* End PBXResourcesBuildPhase section */

/* Begin PBXSourcesBuildPhase section */
		FE616C17204D1E74004DA9E9 /* Sources */ = {
			isa = PBXSourcesBuildPhase;
			buildActionMask = 2147483647;
			files = (
				FEFF2220204FD62E0034B974 /* CafeViewController.swift in Sources */,
				FEA4F40D204E8FEC001DF2E6 /* NotesCell.swift in Sources */,
				FEFF2222204FD83B0034B974 /* MenuCell.swift in Sources */,
				FE616C21204D1E74004DA9E9 /* ViewController.swift in Sources */,
				FE616C31204D595C004DA9E9 /* Extensions.swift in Sources */,
				FE616C1F204D1E74004DA9E9 /* AppDelegate.swift in Sources */,
			);
			runOnlyForDeploymentPostprocessing = 0;
		};
/* End PBXSourcesBuildPhase section */

/* Begin PBXVariantGroup section */
		FE616C22204D1E74004DA9E9 /* Main.storyboard */ = {
			isa = PBXVariantGroup;
			children = (
				FE616C23204D1E74004DA9E9 /* Base */,
			);
			name = Main.storyboard;
			sourceTree = "<group>";
		};
		FE616C27204D1E75004DA9E9 /* LaunchScreen.storyboard */ = {
			isa = PBXVariantGroup;
			children = (
				FE616C28204D1E75004DA9E9 /* Base */,
			);
			name = LaunchScreen.storyboard;
			sourceTree = "<group>";
		};
/* End PBXVariantGroup section */

/* Begin XCBuildConfiguration section */
		FE616C2B204D1E76004DA9E9 /* Debug */ = {
			isa = XCBuildConfiguration;
			buildSettings = {
				ALWAYS_SEARCH_USER_PATHS = NO;
				CLANG_ANALYZER_NONNULL = YES;
				CLANG_ANALYZER_NUMBER_OBJECT_CONVERSION = YES_AGGRESSIVE;
				CLANG_CXX_LANGUAGE_STANDARD = "gnu++14";
				CLANG_CXX_LIBRARY = "libc++";
				CLANG_ENABLE_MODULES = YES;
				CLANG_ENABLE_OBJC_ARC = YES;
				CLANG_WARN_BLOCK_CAPTURE_AUTORELEASING = YES;
				CLANG_WARN_BOOL_CONVERSION = YES;
				CLANG_WARN_COMMA = YES;
				CLANG_WARN_CONSTANT_CONVERSION = YES;
				CLANG_WARN_DIRECT_OBJC_ISA_USAGE = YES_ERROR;
				CLANG_WARN_DOCUMENTATION_COMMENTS = YES;
				CLANG_WARN_EMPTY_BODY = YES;
				CLANG_WARN_ENUM_CONVERSION = YES;
				CLANG_WARN_INFINITE_RECURSION = YES;
				CLANG_WARN_INT_CONVERSION = YES;
				CLANG_WARN_NON_LITERAL_NULL_CONVERSION = YES;
				CLANG_WARN_OBJC_LITERAL_CONVERSION = YES;
				CLANG_WARN_OBJC_ROOT_CLASS = YES_ERROR;
				CLANG_WARN_RANGE_LOOP_ANALYSIS = YES;
				CLANG_WARN_STRICT_PROTOTYPES = YES;
				CLANG_WARN_SUSPICIOUS_MOVE = YES;
				CLANG_WARN_UNGUARDED_AVAILABILITY = YES_AGGRESSIVE;
				CLANG_WARN_UNREACHABLE_CODE = YES;
				CLANG_WARN__DUPLICATE_METHOD_MATCH = YES;
				CODE_SIGN_IDENTITY = "iPhone Developer";
				COPY_PHASE_STRIP = NO;
				DEBUG_INFORMATION_FORMAT = dwarf;
				ENABLE_STRICT_OBJC_MSGSEND = YES;
				ENABLE_TESTABILITY = YES;
				GCC_C_LANGUAGE_STANDARD = gnu11;
				GCC_DYNAMIC_NO_PIC = NO;
				GCC_NO_COMMON_BLOCKS = YES;
				GCC_OPTIMIZATION_LEVEL = 0;
				GCC_PREPROCESSOR_DEFINITIONS = (
					"DEBUG=1",
					"$(inherited)",
				);
				GCC_WARN_64_TO_32_BIT_CONVERSION = YES;
				GCC_WARN_ABOUT_RETURN_TYPE = YES_ERROR;
				GCC_WARN_UNDECLARED_SELECTOR = YES;
				GCC_WARN_UNINITIALIZED_AUTOS = YES_AGGRESSIVE;
				GCC_WARN_UNUSED_FUNCTION = YES;
				GCC_WARN_UNUSED_VARIABLE = YES;
				IPHONEOS_DEPLOYMENT_TARGET = 11.1;
				MTL_ENABLE_DEBUG_INFO = YES;
				ONLY_ACTIVE_ARCH = YES;
				SDKROOT = iphoneos;
				SWIFT_ACTIVE_COMPILATION_CONDITIONS = DEBUG;
				SWIFT_OPTIMIZATION_LEVEL = "-Onone";
			};
			name = Debug;
		};
		FE616C2C204D1E76004DA9E9 /* Release */ = {
			isa = XCBuildConfiguration;
			buildSettings = {
				ALWAYS_SEARCH_USER_PATHS = NO;
				CLANG_ANALYZER_NONNULL = YES;
				CLANG_ANALYZER_NUMBER_OBJECT_CONVERSION = YES_AGGRESSIVE;
				CLANG_CXX_LANGUAGE_STANDARD = "gnu++14";
				CLANG_CXX_LIBRARY = "libc++";
				CLANG_ENABLE_MODULES = YES;
				CLANG_ENABLE_OBJC_ARC = YES;
				CLANG_WARN_BLOCK_CAPTURE_AUTORELEASING = YES;
				CLANG_WARN_BOOL_CONVERSION = YES;
				CLANG_WARN_COMMA = YES;
				CLANG_WARN_CONSTANT_CONVERSION = YES;
				CLANG_WARN_DIRECT_OBJC_ISA_USAGE = YES_ERROR;
				CLANG_WARN_DOCUMENTATION_COMMENTS = YES;
				CLANG_WARN_EMPTY_BODY = YES;
				CLANG_WARN_ENUM_CONVERSION = YES;
				CLANG_WARN_INFINITE_RECURSION = YES;
				CLANG_WARN_INT_CONVERSION = YES;
				CLANG_WARN_NON_LITERAL_NULL_CONVERSION = YES;
				CLANG_WARN_OBJC_LITERAL_CONVERSION = YES;
				CLANG_WARN_OBJC_ROOT_CLASS = YES_ERROR;
				CLANG_WARN_RANGE_LOOP_ANALYSIS = YES;
				CLANG_WARN_STRICT_PROTOTYPES = YES;
				CLANG_WARN_SUSPICIOUS_MOVE = YES;
				CLANG_WARN_UNGUARDED_AVAILABILITY = YES_AGGRESSIVE;
				CLANG_WARN_UNREACHABLE_CODE = YES;
				CLANG_WARN__DUPLICATE_METHOD_MATCH = YES;
				CODE_SIGN_IDENTITY = "iPhone Developer";
				COPY_PHASE_STRIP = NO;
				DEBUG_INFORMATION_FORMAT = "dwarf-with-dsym";
				ENABLE_NS_ASSERTIONS = NO;
				ENABLE_STRICT_OBJC_MSGSEND = YES;
				GCC_C_LANGUAGE_STANDARD = gnu11;
				GCC_NO_COMMON_BLOCKS = YES;
				GCC_WARN_64_TO_32_BIT_CONVERSION = YES;
				GCC_WARN_ABOUT_RETURN_TYPE = YES_ERROR;
				GCC_WARN_UNDECLARED_SELECTOR = YES;
				GCC_WARN_UNINITIALIZED_AUTOS = YES_AGGRESSIVE;
				GCC_WARN_UNUSED_FUNCTION = YES;
				GCC_WARN_UNUSED_VARIABLE = YES;
				IPHONEOS_DEPLOYMENT_TARGET = 11.1;
				MTL_ENABLE_DEBUG_INFO = NO;
				SDKROOT = iphoneos;
				SWIFT_OPTIMIZATION_LEVEL = "-Owholemodule";
				VALIDATE_PRODUCT = YES;
			};
			name = Release;
		};
		FE616C2E204D1E76004DA9E9 /* Debug */ = {
			isa = XCBuildConfiguration;
			buildSettings = {
				ASSETCATALOG_COMPILER_APPICON_NAME = AppIcon;
				CODE_SIGN_STYLE = Automatic;
				INFOPLIST_FILE = NotesApp/Info.plist;
				LD_RUNPATH_SEARCH_PATHS = "$(inherited) @executable_path/Frameworks";
				PRODUCT_BUNDLE_IDENTIFIER = fusionsd.NotesApp;
				PRODUCT_NAME = "$(TARGET_NAME)";
				SWIFT_VERSION = 4.0;
				TARGETED_DEVICE_FAMILY = "1,2";
			};
			name = Debug;
		};
		FE616C2F204D1E76004DA9E9 /* Release */ = {
			isa = XCBuildConfiguration;
			buildSettings = {
				ASSETCATALOG_COMPILER_APPICON_NAME = AppIcon;
				CODE_SIGN_STYLE = Automatic;
				INFOPLIST_FILE = NotesApp/Info.plist;
				LD_RUNPATH_SEARCH_PATHS = "$(inherited) @executable_path/Frameworks";
				PRODUCT_BUNDLE_IDENTIFIER = fusionsd.NotesApp;
				PRODUCT_NAME = "$(TARGET_NAME)";
				SWIFT_VERSION = 4.0;
				TARGETED_DEVICE_FAMILY = "1,2";
			};
			name = Release;
		};
/* End XCBuildConfiguration section */

/* Begin XCConfigurationList section */
		FE616C16204D1E72004DA9E9 /* Build configuration list for PBXProject "NotesApp" */ = {
			isa = XCConfigurationList;
			buildConfigurations = (
				FE616C2B204D1E76004DA9E9 /* Debug */,
				FE616C2C204D1E76004DA9E9 /* Release */,
			);
			defaultConfigurationIsVisible = 0;
			defaultConfigurationName = Release;
		};
		FE616C2D204D1E76004DA9E9 /* Build configuration list for PBXNativeTarget "NotesApp" */ = {
			isa = XCConfigurationList;
			buildConfigurations = (
				FE616C2E204D1E76004DA9E9 /* Debug */,
				FE616C2F204D1E76004DA9E9 /* Release */,
			);
			defaultConfigurationIsVisible = 0;
			defaultConfigurationName = Release;
		};
/* End XCConfigurationList section */
	};
	rootObject = FE616C13204D1E72004DA9E9 /* Project object */;
}
